
Microsoft Visual Studio Solution File, Format Version 12.00
# Visual Studio Version 17
VisualStudioVersion = 17.3.32929.385
MinimumVisualStudioVersion = 10.0.40219.1
Project("{FAE04EC0-301F-11D3-BF4B-00C04F79EFBC}") = "SalonFryzjerski", "SalonFryzjerski\SalonFryzjerski.csproj", "{DF709058-B7F7-49B9-B63B-1A01929AB47F}"
EndProject
Global
	GlobalSection(SolutionConfigurationPlatforms) = preSolution
		Debug|Any CPU = Debug|Any CPU
		Release|Any CPU = Release|Any CPU
	EndGlobalSection
	GlobalSection(ProjectConfigurationPlatforms) = postSolution
		{DF709058-B7F7-49B9-B63B-1A01929AB47F}.Debug|Any CPU.ActiveCfg = Debug|Any CPU
		{DF709058-B7F7-49B9-B63B-1A01929AB47F}.Debug|Any CPU.Build.0 = Debug|Any CPU
		{DF709058-B7F7-49B9-B63B-1A01929AB47F}.Release|Any CPU.ActiveCfg = Release|Any CPU
		{DF709058-B7F7-49B9-B63B-1A01929AB47F}.Release|Any CPU.Build.0 = Release|Any CPU
	EndGlobalSection
	GlobalSection(SolutionProperties) = preSolution
		HideSolutionNode = FALSE
	EndGlobalSection
	GlobalSection(ExtensibilityGlobals) = postSolution
		SolutionGuid = {549175AD-3609-4573-969D-8A40939D98F7}
	EndGlobalSection
EndGlobal
